// !$*UTF8*$!
{
	archiveVersion = 1;
	classes = {
	};
	objectVersion = 46;
	objects = {

/* Begin PBXBuildFile section */
		448939F51BA55468004AB2DA /* MemeRepository.swift in Sources */ = {isa = PBXBuildFile; fileRef = 448939F41BA55468004AB2DA /* MemeRepository.swift */; };
		44AC90EA1B89F412009D09FA /* Impact.ttf in Resources */ = {isa = PBXBuildFile; fileRef = 44AC90E91B89F412009D09FA /* Impact.ttf */; };
		44AC90EC1B8A0ED8009D09FA /* MemeCollectionViewController.swift in Sources */ = {isa = PBXBuildFile; fileRef = 44AC90EB1B8A0ED8009D09FA /* MemeCollectionViewController.swift */; };
		44AC90EE1B8A103A009D09FA /* MemeCollectionViewCell.swift in Sources */ = {isa = PBXBuildFile; fileRef = 44AC90ED1B8A103A009D09FA /* MemeCollectionViewCell.swift */; };
		44AC90F01B8A1B98009D09FA /* MemeTableViewController.swift in Sources */ = {isa = PBXBuildFile; fileRef = 44AC90EF1B8A1B98009D09FA /* MemeTableViewController.swift */; };
		44AC90F21B8A1C4C009D09FA /* MemeDetailViewController.swift in Sources */ = {isa = PBXBuildFile; fileRef = 44AC90F11B8A1C4C009D09FA /* MemeDetailViewController.swift */; };
		44AC90F61B8A3E9F009D09FA /* MemeTableViewCell.swift in Sources */ = {isa = PBXBuildFile; fileRef = 44AC90F51B8A3E9F009D09FA /* MemeTableViewCell.swift */; };
		44CCE25C1B82087F00D859E7 /* AppDelegate.swift in Sources */ = {isa = PBXBuildFile; fileRef = 44CCE25B1B82087F00D859E7 /* AppDelegate.swift */; };
		44CCE25E1B82087F00D859E7 /* MemeEditorViewController.swift in Sources */ = {isa = PBXBuildFile; fileRef = 44CCE25D1B82087F00D859E7 /* MemeEditorViewController.swift */; };
		44CCE2611B82087F00D859E7 /* Main.storyboard in Resources */ = {isa = PBXBuildFile; fileRef = 44CCE25F1B82087F00D859E7 /* Main.storyboard */; };
		44CCE2631B82087F00D859E7 /* Images.xcassets in Resources */ = {isa = PBXBuildFile; fileRef = 44CCE2621B82087F00D859E7 /* Images.xcassets */; };
		44CCE2661B82087F00D859E7 /* LaunchScreen.xib in Resources */ = {isa = PBXBuildFile; fileRef = 44CCE2641B82087F00D859E7 /* LaunchScreen.xib */; };
		44CCE2721B82087F00D859E7 /* MemeMeTests.swift in Sources */ = {isa = PBXBuildFile; fileRef = 44CCE2711B82087F00D859E7 /* MemeMeTests.swift */; };
		44DAC6101B84B7DB009E37EB /* Meme.swift in Sources */ = {isa = PBXBuildFile; fileRef = 44DAC60F1B84B7DB009E37EB /* Meme.swift */; };
/* End PBXBuildFile section */

/* Begin PBXContainerItemProxy section */
		44CCE26C1B82087F00D859E7 /* PBXContainerItemProxy */ = {
			isa = PBXContainerItemProxy;
			containerPortal = 44CCE24E1B82087F00D859E7 /* Project object */;
			proxyType = 1;
			remoteGlobalIDString = 44CCE2551B82087F00D859E7;
			remoteInfo = MemeMe;
		};
/* End PBXContainerItemProxy section */

/* Begin PBXFileReference section */
		448939F41BA55468004AB2DA /* MemeRepository.swift */ = {isa = PBXFileReference; fileEncoding = 4; lastKnownFileType = sourcecode.swift; path = MemeRepository.swift; sourceTree = "<group>"; };
		44AC90E91B89F412009D09FA /* Impact.ttf */ = {isa = PBXFileReference; lastKnownFileType = file; path = Impact.ttf; sourceTree = "<group>"; };
		44AC90EB1B8A0ED8009D09FA /* MemeCollectionViewController.swift */ = {isa = PBXFileReference; fileEncoding = 4; lastKnownFileType = sourcecode.swift; path = MemeCollectionViewController.swift; sourceTree = "<group>"; };
		44AC90ED1B8A103A009D09FA /* MemeCollectionViewCell.swift */ = {isa = PBXFileReference; fileEncoding = 4; lastKnownFileType = sourcecode.swift; path = MemeCollectionViewCell.swift; sourceTree = "<group>"; };
		44AC90EF1B8A1B98009D09FA /* MemeTableViewController.swift */ = {isa = PBXFileReference; fileEncoding = 4; lastKnownFileType = sourcecode.swift; path = MemeTableViewController.swift; sourceTree = "<group>"; };
		44AC90F11B8A1C4C009D09FA /* MemeDetailViewController.swift */ = {isa = PBXFileReference; fileEncoding = 4; lastKnownFileType = sourcecode.swift; path = MemeDetailViewController.swift; sourceTree = "<group>"; };
		44AC90F51B8A3E9F009D09FA /* MemeTableViewCell.swift */ = {isa = PBXFileReference; fileEncoding = 4; lastKnownFileType = sourcecode.swift; path = MemeTableViewCell.swift; sourceTree = "<group>"; };
		44CCE2561B82087F00D859E7 /* MemeMe.app */ = {isa = PBXFileReference; explicitFileType = wrapper.application; includeInIndex = 0; path = MemeMe.app; sourceTree = BUILT_PRODUCTS_DIR; };
		44CCE25A1B82087F00D859E7 /* Info.plist */ = {isa = PBXFileReference; lastKnownFileType = text.plist.xml; path = Info.plist; sourceTree = "<group>"; };
		44CCE25B1B82087F00D859E7 /* AppDelegate.swift */ = {isa = PBXFileReference; lastKnownFileType = sourcecode.swift; path = AppDelegate.swift; sourceTree = "<group>"; };
		44CCE25D1B82087F00D859E7 /* MemeEditorViewController.swift */ = {isa = PBXFileReference; lastKnownFileType = sourcecode.swift; path = MemeEditorViewController.swift; sourceTree = "<group>"; };
		44CCE2601B82087F00D859E7 /* Base */ = {isa = PBXFileReference; lastKnownFileType = file.storyboard; name = Base; path = Base.lproj/Main.storyboard; sourceTree = "<group>"; };
		44CCE2621B82087F00D859E7 /* Images.xcassets */ = {isa = PBXFileReference; lastKnownFileType = folder.assetcatalog; path = Images.xcassets; sourceTree = "<group>"; };
		44CCE2651B82087F00D859E7 /* Base */ = {isa = PBXFileReference; lastKnownFileType = file.xib; name = Base; path = Base.lproj/LaunchScreen.xib; sourceTree = "<group>"; };
		44CCE26B1B82087F00D859E7 /* MemeMeTests.xctest */ = {isa = PBXFileReference; explicitFileType = wrapper.cfbundle; includeInIndex = 0; path = MemeMeTests.xctest; sourceTree = BUILT_PRODUCTS_DIR; };
		44CCE2701B82087F00D859E7 /* Info.plist */ = {isa = PBXFileReference; lastKnownFileType = text.plist.xml; path = Info.plist; sourceTree = "<group>"; };
		44CCE2711B82087F00D859E7 /* MemeMeTests.swift */ = {isa = PBXFileReference; lastKnownFileType = sourcecode.swift; path = MemeMeTests.swift; sourceTree = "<group>"; };
		44DAC60F1B84B7DB009E37EB /* Meme.swift */ = {isa = PBXFileReference; fileEncoding = 4; lastKnownFileType = sourcecode.swift; path = Meme.swift; sourceTree = "<group>"; };
/* End PBXFileReference section */

/* Begin PBXFrameworksBuildPhase section */
		44CCE2531B82087F00D859E7 /* Frameworks */ = {
			isa = PBXFrameworksBuildPhase;
			buildActionMask = 2147483647;
			files = (
			);
			runOnlyForDeploymentPostprocessing = 0;
		};
		44CCE2681B82087F00D859E7 /* Frameworks */ = {
			isa = PBXFrameworksBuildPhase;
			buildActionMask = 2147483647;
			files = (
			);
			runOnlyForDeploymentPostprocessing = 0;
		};
/* End PBXFrameworksBuildPhase section */

/* Begin PBXGroup section */
		448939F61BA5546E004AB2DA /* Repositories */ = {
			isa = PBXGroup;
			children = (
				448939F41BA55468004AB2DA /* MemeRepository.swift */,
			);
			name = Repositories;
			sourceTree = "<group>";
		};
		44AC90F31B8A3C33009D09FA /* Controllers */ = {
			isa = PBXGroup;
			children = (
				44CCE25D1B82087F00D859E7 /* MemeEditorViewController.swift */,
				44AC90EB1B8A0ED8009D09FA /* MemeCollectionViewController.swift */,
				44AC90EF1B8A1B98009D09FA /* MemeTableViewController.swift */,
				44AC90F11B8A1C4C009D09FA /* MemeDetailViewController.swift */,
			);
			name = Controllers;
			sourceTree = "<group>";
		};
		44AC90F41B8A3C52009D09FA /* Views */ = {
			isa = PBXGroup;
			children = (
				44AC90ED1B8A103A009D09FA /* MemeCollectionViewCell.swift */,
				44AC90F51B8A3E9F009D09FA /* MemeTableViewCell.swift */,
			);
			name = Views;
			sourceTree = "<group>";
		};
		44CCE24D1B82087F00D859E7 = {
			isa = PBXGroup;
			children = (
				44CCE2581B82087F00D859E7 /* MemeMe */,
				44CCE26E1B82087F00D859E7 /* MemeMeTests */,
				44CCE2571B82087F00D859E7 /* Products */,
			);
			sourceTree = "<group>";
		};
		44CCE2571B82087F00D859E7 /* Products */ = {
			isa = PBXGroup;
			children = (
				44CCE2561B82087F00D859E7 /* MemeMe.app */,
				44CCE26B1B82087F00D859E7 /* MemeMeTests.xctest */,
			);
			name = Products;
			sourceTree = "<group>";
		};
		44CCE2581B82087F00D859E7 /* MemeMe */ = {
			isa = PBXGroup;
			children = (
				448939F61BA5546E004AB2DA /* Repositories */,
				44AC90F41B8A3C52009D09FA /* Views */,
				44AC90F31B8A3C33009D09FA /* Controllers */,
				44DAC60E1B84B7CA009E37EB /* Models */,
				44CCE25B1B82087F00D859E7 /* AppDelegate.swift */,
				44CCE25F1B82087F00D859E7 /* Main.storyboard */,
				44CCE2621B82087F00D859E7 /* Images.xcassets */,
				44CCE2591B82087F00D859E7 /* Supporting Files */,
			);
			path = MemeMe;
			sourceTree = "<group>";
		};
		44CCE2591B82087F00D859E7 /* Supporting Files */ = {
			isa = PBXGroup;
			children = (
				44CCE2641B82087F00D859E7 /* LaunchScreen.xib */,
				44AC90E91B89F412009D09FA /* Impact.ttf */,
				44CCE25A1B82087F00D859E7 /* Info.plist */,
			);
			name = "Supporting Files";
			sourceTree = "<group>";
		};
		44CCE26E1B82087F00D859E7 /* MemeMeTests */ = {
			isa = PBXGroup;
			children = (
				44CCE2711B82087F00D859E7 /* MemeMeTests.swift */,
				44CCE26F1B82087F00D859E7 /* Supporting Files */,
			);
			path = MemeMeTests;
			sourceTree = "<group>";
		};
		44CCE26F1B82087F00D859E7 /* Supporting Files */ = {
			isa = PBXGroup;
			children = (
				44CCE2701B82087F00D859E7 /* Info.plist */,
			);
			name = "Supporting Files";
			sourceTree = "<group>";
		};
		44DAC60E1B84B7CA009E37EB /* Models */ = {
			isa = PBXGroup;
			children = (
				44DAC60F1B84B7DB009E37EB /* Meme.swift */,
			);
			name = Models;
			sourceTree = "<group>";
		};
/* End PBXGroup section */

/* Begin PBXNativeTarget section */
		44CCE2551B82087F00D859E7 /* MemeMe */ = {
			isa = PBXNativeTarget;
			buildConfigurationList = 44CCE2751B82087F00D859E7 /* Build configuration list for PBXNativeTarget "MemeMe" */;
			buildPhases = (
				44CCE2521B82087F00D859E7 /* Sources */,
				44CCE2531B82087F00D859E7 /* Frameworks */,
				44CCE2541B82087F00D859E7 /* Resources */,
			);
			buildRules = (
			);
			dependencies = (
			);
			name = MemeMe;
			productName = MemeMe;
			productReference = 44CCE2561B82087F00D859E7 /* MemeMe.app */;
			productType = "com.apple.product-type.application";
		};
		44CCE26A1B82087F00D859E7 /* MemeMeTests */ = {
			isa = PBXNativeTarget;
			buildConfigurationList = 44CCE2781B82087F00D859E7 /* Build configuration list for PBXNativeTarget "MemeMeTests" */;
			buildPhases = (
				44CCE2671B82087F00D859E7 /* Sources */,
				44CCE2681B82087F00D859E7 /* Frameworks */,
				44CCE2691B82087F00D859E7 /* Resources */,
			);
			buildRules = (
			);
			dependencies = (
				44CCE26D1B82087F00D859E7 /* PBXTargetDependency */,
			);
			name = MemeMeTests;
			productName = MemeMeTests;
			productReference = 44CCE26B1B82087F00D859E7 /* MemeMeTests.xctest */;
			productType = "com.apple.product-type.bundle.unit-test";
		};
/* End PBXNativeTarget section */

/* Begin PBXProject section */
		44CCE24E1B82087F00D859E7 /* Project object */ = {
			isa = PBXProject;
			attributes = {
				LastSwiftMigration = 0700;
				LastSwiftUpdateCheck = 0700;
				LastUpgradeCheck = 0700;
				ORGANIZATIONNAME = "Ian Gristock";
				TargetAttributes = {
					44CCE2551B82087F00D859E7 = {
						CreatedOnToolsVersion = 6.4;
						DevelopmentTeam = B69U5P3C32;
					};
					44CCE26A1B82087F00D859E7 = {
						CreatedOnToolsVersion = 6.4;
						TestTargetID = 44CCE2551B82087F00D859E7;
					};
				};
			};
			buildConfigurationList = 44CCE2511B82087F00D859E7 /* Build configuration list for PBXProject "MemeMe" */;
			compatibilityVersion = "Xcode 3.2";
			developmentRegion = English;
			hasScannedForEncodings = 0;
			knownRegions = (
				en,
				Base,
			);
			mainGroup = 44CCE24D1B82087F00D859E7;
			productRefGroup = 44CCE2571B82087F00D859E7 /* Products */;
			projectDirPath = "";
			projectRoot = "";
			targets = (
				44CCE2551B82087F00D859E7 /* MemeMe */,
				44CCE26A1B82087F00D859E7 /* MemeMeTests */,
			);
		};
/* End PBXProject section */

/* Begin PBXResourcesBuildPhase section */
		44CCE2541B82087F00D859E7 /* Resources */ = {
			isa = PBXResourcesBuildPhase;
			buildActionMask = 2147483647;
			files = (
				44AC90EA1B89F412009D09FA /* Impact.ttf in Resources */,
				44CCE2611B82087F00D859E7 /* Main.storyboard in Resources */,
				44CCE2661B82087F00D859E7 /* LaunchScreen.xib in Resources */,
				44CCE2631B82087F00D859E7 /* Images.xcassets in Resources */,
			);
			runOnlyForDeploymentPostprocessing = 0;
		};
		44CCE2691B82087F00D859E7 /* Resources */ = {
			isa = PBXResourcesBuildPhase;
			buildActionMask = 2147483647;
			files = (
			);
			runOnlyForDeploymentPostprocessing = 0;
		};
/* End PBXResourcesBuildPhase section */

/* Begin PBXSourcesBuildPhase section */
		44CCE2521B82087F00D859E7 /* Sources */ = {
			isa = PBXSourcesBuildPhase;
			buildActionMask = 2147483647;
			files = (
				448939F51BA55468004AB2DA /* MemeRepository.swift in Sources */,
				44AC90EE1B8A103A009D09FA /* MemeCollectionViewCell.swift in Sources */,
				44AC90F61B8A3E9F009D09FA /* MemeTableViewCell.swift in Sources */,
				44DAC6101B84B7DB009E37EB /* Meme.swift in Sources */,
				44CCE25E1B82087F00D859E7 /* MemeEditorViewController.swift in Sources */,
				44AC90F01B8A1B98009D09FA /* MemeTableViewController.swift in Sources */,
				44AC90F21B8A1C4C009D09FA /* MemeDetailViewController.swift in Sources */,
				44AC90EC1B8A0ED8009D09FA /* MemeCollectionViewController.swift in Sources */,
				44CCE25C1B82087F00D859E7 /* AppDelegate.swift in Sources */,
			);
			runOnlyForDeploymentPostprocessing = 0;
		};
		44CCE2671B82087F00D859E7 /* Sources */ = {
			isa = PBXSourcesBuildPhase;
			buildActionMask = 2147483647;
			files = (
				44CCE2721B82087F00D859E7 /* MemeMeTests.swift in Sources */,
			);
			runOnlyForDeploymentPostprocessing = 0;
		};
/* End PBXSourcesBuildPhase section */

/* Begin PBXTargetDependency section */
		44CCE26D1B82087F00D859E7 /* PBXTargetDependency */ = {
			isa = PBXTargetDependency;
			target = 44CCE2551B82087F00D859E7 /* MemeMe */;
			targetProxy = 44CCE26C1B82087F00D859E7 /* PBXContainerItemProxy */;
		};
/* End PBXTargetDependency section */

/* Begin PBXVariantGroup section */
		44CCE25F1B82087F00D859E7 /* Main.storyboard */ = {
			isa = PBXVariantGroup;
			children = (
				44CCE2601B82087F00D859E7 /* Base */,
			);
			name = Main.storyboard;
			sourceTree = "<group>";
		};
		44CCE2641B82087F00D859E7 /* LaunchScreen.xib */ = {
			isa = PBXVariantGroup;
			children = (
				44CCE2651B82087F00D859E7 /* Base */,
			);
			name = LaunchScreen.xib;
			sourceTree = "<group>";
		};
/* End PBXVariantGroup section */

/* Begin XCBuildConfiguration section */
		44CCE2731B82087F00D859E7 /* Debug */ = {
			isa = XCBuildConfiguration;
			buildSettings = {
				ALWAYS_SEARCH_USER_PATHS = NO;
				CLANG_CXX_LANGUAGE_STANDARD = "gnu++0x";
				CLANG_CXX_LIBRARY = "libc++";
				CLANG_ENABLE_MODULES = YES;
				CLANG_ENABLE_OBJC_ARC = YES;
				CLANG_WARN_BOOL_CONVERSION = YES;
				CLANG_WARN_CONSTANT_CONVERSION = YES;
				CLANG_WARN_DIRECT_OBJC_ISA_USAGE = YES_ERROR;
				CLANG_WARN_EMPTY_BODY = YES;
				CLANG_WARN_ENUM_CONVERSION = YES;
				CLANG_WARN_INT_CONVERSION = YES;
				CLANG_WARN_OBJC_ROOT_CLASS = YES_ERROR;
				CLANG_WARN_UNREACHABLE_CODE = YES;
				CLANG_WARN__DUPLICATE_METHOD_MATCH = YES;
				"CODE_SIGN_IDENTITY[sdk=iphoneos*]" = "iPhone Developer";
				COPY_PHASE_STRIP = NO;
				DEBUG_INFORMATION_FORMAT = "dwarf-with-dsym";
				ENABLE_STRICT_OBJC_MSGSEND = YES;
				ENABLE_TESTABILITY = YES;
				GCC_C_LANGUAGE_STANDARD = gnu99;
				GCC_DYNAMIC_NO_PIC = NO;
				GCC_NO_COMMON_BLOCKS = YES;
				GCC_OPTIMIZATION_LEVEL = 0;
				GCC_PREPROCESSOR_DEFINITIONS = (
					"DEBUG=1",
					"$(inherited)",
				);
				GCC_SYMBOLS_PRIVATE_EXTERN = NO;
				GCC_WARN_64_TO_32_BIT_CONVERSION = YES;
				GCC_WARN_ABOUT_RETURN_TYPE = YES_ERROR;
				GCC_WARN_UNDECLARED_SELECTOR = YES;
				GCC_WARN_UNINITIALIZED_AUTOS = YES_AGGRESSIVE;
				GCC_WARN_UNUSED_FUNCTION = YES;
				GCC_WARN_UNUSED_VARIABLE = YES;
				IPHONEOS_DEPLOYMENT_TARGET = 9.0;
				MTL_ENABLE_DEBUG_INFO = YES;
				ONLY_ACTIVE_ARCH = YES;
				SDKROOT = iphoneos;
				SWIFT_OPTIMIZATION_LEVEL = "-Onone";
			};
			name = Debug;
		};
		44CCE2741B82087F00D859E7 /* Release */ = {
			isa = XCBuildConfiguration;
			buildSettings = {
				ALWAYS_SEARCH_USER_PATHS = NO;
				CLANG_CXX_LANGUAGE_STANDARD = "gnu++0x";
				CLANG_CXX_LIBRARY = "libc++";
				CLANG_ENABLE_MODULES = YES;
				CLANG_ENABLE_OBJC_ARC = YES;
				CLANG_WARN_BOOL_CONVERSION = YES;
				CLANG_WARN_CONSTANT_CONVERSION = YES;
				CLANG_WARN_DIRECT_OBJC_ISA_USAGE = YES_ERROR;
				CLANG_WARN_EMPTY_BODY = YES;
				CLANG_WARN_ENUM_CONVERSION = YES;
				CLANG_WARN_INT_CONVERSION = YES;
				CLANG_WARN_OBJC_ROOT_CLASS = YES_ERROR;
				CLANG_WARN_UNREACHABLE_CODE = YES;
				CLANG_WARN__DUPLICATE_METHOD_MATCH = YES;
				"CODE_SIGN_IDENTITY[sdk=iphoneos*]" = "iPhone Developer";
				COPY_PHASE_STRIP = NO;
				DEBUG_INFORMATION_FORMAT = "dwarf-with-dsym";
				ENABLE_NS_ASSERTIONS = NO;
				ENABLE_STRICT_OBJC_MSGSEND = YES;
				GCC_C_LANGUAGE_STANDARD = gnu99;
				GCC_NO_COMMON_BLOCKS = YES;
				GCC_WARN_64_TO_32_BIT_CONVERSION = YES;
				GCC_WARN_ABOUT_RETURN_TYPE = YES_ERROR;
				GCC_WARN_UNDECLARED_SELECTOR = YES;
				GCC_WARN_UNINITIALIZED_AUTOS = YES_AGGRESSIVE;
				GCC_WARN_UNUSED_FUNCTION = YES;
				GCC_WARN_UNUSED_VARIABLE = YES;
				IPHONEOS_DEPLOYMENT_TARGET = 9.0;
				MTL_ENABLE_DEBUG_INFO = NO;
				SDKROOT = iphoneos;
				VALIDATE_PRODUCT = YES;
			};
			name = Release;
		};
		44CCE2761B82087F00D859E7 /* Debug */ = {
			isa = XCBuildConfiguration;
			buildSettings = {
				ASSETCATALOG_COMPILER_APPICON_NAME = AppIcon;
				CODE_SIGN_IDENTITY = "iPhone Distribution: Ian Gristock (B69U5P3C32)";
				"CODE_SIGN_IDENTITY[sdk=iphoneos*]" = "iPhone Distribution: Ian Gristock (B69U5P3C32)";
				INFOPLIST_FILE = MemeMe/Info.plist;
				LD_RUNPATH_SEARCH_PATHS = "$(inherited) @executable_path/Frameworks";
				PRODUCT_BUNDLE_IDENTIFIER = com.iangristock.MemeMe;
				PRODUCT_NAME = "$(TARGET_NAME)";
			};
			name = Debug;
		};
		44CCE2771B82087F00D859E7 /* Release */ = {
			isa = XCBuildConfiguration;
			buildSettings = {
				ASSETCATALOG_COMPILER_APPICON_NAME = AppIcon;
				CODE_SIGN_IDENTITY = "iPhone Distribution: Ian Gristock (B69U5P3C32)";
				INFOPLIST_FILE = MemeMe/Info.plist;
				LD_RUNPATH_SEARCH_PATHS = "$(inherited) @executable_path/Frameworks";
				PRODUCT_BUNDLE_IDENTIFIER = com.iangristock.MemeMe;
				PRODUCT_NAME = "$(TARGET_NAME)";
			};
			name = Release;
		};
		44CCE2791B82087F00D859E7 /* Debug */ = {
			isa = XCBuildConfiguration;
			buildSettings = {
				BUNDLE_LOADER = "$(TEST_HOST)";
				FRAMEWORK_SEARCH_PATHS = (
					"$(SDKROOT)/Developer/Library/Frameworks",
					"$(inherited)",
				);
				GCC_PREPROCESSOR_DEFINITIONS = (
					"DEBUG=1",
					"$(inherited)",
				);
				INFOPLIST_FILE = MemeMeTests/Info.plist;
				LD_RUNPATH_SEARCH_PATHS = "$(inherited) @executable_path/Frameworks @loader_path/Frameworks";
				PRODUCT_BUNDLE_IDENTIFIER = "com.iangristock.$(PRODUCT_NAME:rfc1034identifier)";
				PRODUCT_NAME = "$(TARGET_NAME)";
				TEST_HOST = "$(BUILT_PRODUCTS_DIR)/MemeMe.app/MemeMe";
			};
			name = Debug;
		};
		44CCE27A1B82087F00D859E7 /* Release */ = {
			isa = XCBuildConfiguration;
			buildSettings = {
				BUNDLE_LOADER = "$(TEST_HOST)";
				FRAMEWORK_SEARCH_PATHS = (
					"$(SDKROOT)/Developer/Library/Frameworks",
					"$(inherited)",
				);
				INFOPLIST_FILE = MemeMeTests/Info.plist;
				LD_RUNPATH_SEARCH_PATHS = "$(inherited) @executable_path/Frameworks @loader_path/Frameworks";
				PRODUCT_BUNDLE_IDENTIFIER = "com.iangristock.$(PRODUCT_NAME:rfc1034identifier)";
				PRODUCT_NAME = "$(TARGET_NAME)";
				TEST_HOST = "$(BUILT_PRODUCTS_DIR)/MemeMe.app/MemeMe";
			};
			name = Release;
		};
/* End XCBuildConfiguration section */

/* Begin XCConfigurationList section */
		44CCE2511B82087F00D859E7 /* Build configuration list for PBXProject "MemeMe" */ = {
			isa = XCConfigurationList;
			buildConfigurations = (
				44CCE2731B82087F00D859E7 /* Debug */,
				44CCE2741B82087F00D859E7 /* Release */,
			);
			defaultConfigurationIsVisible = 0;
			defaultConfigurationName = Release;
		};
		44CCE2751B82087F00D859E7 /* Build configuration list for PBXNativeTarget "MemeMe" */ = {
			isa = XCConfigurationList;
			buildConfigurations = (
				44CCE2761B82087F00D859E7 /* Debug */,
				44CCE2771B82087F00D859E7 /* Release */,
			);
			defaultConfigurationIsVisible = 0;
			defaultConfigurationName = Release;
		};
		44CCE2781B82087F00D859E7 /* Build configuration list for PBXNativeTarget "MemeMeTests" */ = {
			isa = XCConfigurationList;
			buildConfigurations = (
				44CCE2791B82087F00D859E7 /* Debug */,
				44CCE27A1B82087F00D859E7 /* Release */,
			);
			defaultConfigurationIsVisible = 0;
			defaultConfigurationName = Release;
		};
/* End XCConfigurationList section */
	};
	rootObject = 44CCE24E1B82087F00D859E7 /* Project object */;
}
